
Microsoft Visual Studio Solution File, Format Version 12.00
# Visual Studio 2017
Project("{FAE04EC0-301F-11D3-BF4B-00C04F79EFBC}") = "doom candy.Plugins", "doom candy.Plugins.csproj", "{8D0069C1-F0E5-51C2-B288-4613AB0C073C}"
EndProject
Project("{FAE04EC0-301F-11D3-BF4B-00C04F79EFBC}") = "doom candy", "doom candy.csproj", "{44B5AE40-0EEA-49BA-5A91-586B7A3B6508}"
EndProject
Project("{FAE04EC0-301F-11D3-BF4B-00C04F79EFBC}") = "doom candy.Editor.Plugins", "doom candy.Editor.Plugins.csproj", "{DFC60A83-7996-92E8-F52B-9C362871D2C2}"
EndProject
Global
	GlobalSection(SolutionConfigurationPlatforms) = preSolution
		Debug|Any CPU = Debug|Any CPU
		Release|Any CPU = Release|Any CPU
	EndGlobalSection
	GlobalSection(ProjectConfigurationPlatforms) = postSolution
		{8D0069C1-F0E5-51C2-B288-4613AB0C073C}.Debug|Any CPU.ActiveCfg = Debug|Any CPU
		{8D0069C1-F0E5-51C2-B288-4613AB0C073C}.Debug|Any CPU.Build.0 = Debug|Any CPU
		{8D0069C1-F0E5-51C2-B288-4613AB0C073C}.Release|Any CPU.ActiveCfg = Release|Any CPU
		{8D0069C1-F0E5-51C2-B288-4613AB0C073C}.Release|Any CPU.Build.0 = Release|Any CPU
		{44B5AE40-0EEA-49BA-5A91-586B7A3B6508}.Debug|Any CPU.ActiveCfg = Debug|Any CPU
		{44B5AE40-0EEA-49BA-5A91-586B7A3B6508}.Debug|Any CPU.Build.0 = Debug|Any CPU
		{44B5AE40-0EEA-49BA-5A91-586B7A3B6508}.Release|Any CPU.ActiveCfg = Release|Any CPU
		{44B5AE40-0EEA-49BA-5A91-586B7A3B6508}.Release|Any CPU.Build.0 = Release|Any CPU
		{DFC60A83-7996-92E8-F52B-9C362871D2C2}.Debug|Any CPU.ActiveCfg = Debug|Any CPU
		{DFC60A83-7996-92E8-F52B-9C362871D2C2}.Debug|Any CPU.Build.0 = Debug|Any CPU
		{DFC60A83-7996-92E8-F52B-9C362871D2C2}.Release|Any CPU.ActiveCfg = Release|Any CPU
		{DFC60A83-7996-92E8-F52B-9C362871D2C2}.Release|Any CPU.Build.0 = Release|Any CPU
	EndGlobalSection
	GlobalSection(SolutionProperties) = preSolution
		HideSolutionNode = FALSE
	EndGlobalSection
EndGlobal
